
Microsoft Visual Studio Solution File, Format Version 12.00
Project("{FAE04EC0-301F-11D3-BF4B-00C04F79EFBC}") = "BLART", "BLART\BLART.csproj", "{567DBFD3-B262-49C5-8CF6-1A7F5D3A964F}"
EndProject
Global
	GlobalSection(SolutionConfigurationPlatforms) = preSolution
		Debug|Any CPU = Debug|Any CPU
		Release|Any CPU = Release|Any CPU
	EndGlobalSection
	GlobalSection(ProjectConfigurationPlatforms) = postSolution
		{567DBFD3-B262-49C5-8CF6-1A7F5D3A964F}.Debug|Any CPU.ActiveCfg = Debug|Any CPU
		{567DBFD3-B262-49C5-8CF6-1A7F5D3A964F}.Debug|Any CPU.Build.0 = Debug|Any CPU
		{567DBFD3-B262-49C5-8CF6-1A7F5D3A964F}.Release|Any CPU.ActiveCfg = Release|Any CPU
		{567DBFD3-B262-49C5-8CF6-1A7F5D3A964F}.Release|Any CPU.Build.0 = Release|Any CPU
	EndGlobalSection
EndGlobal
